
Microsoft Visual Studio Solution File, Format Version 12.00
# Visual Studio 15
Project("{FAE04EC0-301F-11D3-BF4B-00C04F79EFBC}") = "BloqueoClavoGafas", "BloqueoClavoGafas.csproj", "{6092A38A-56AF-A0B1-1FD7-8D5E17F2FA94}"
EndProject
Project("{FAE04EC0-301F-11D3-BF4B-00C04F79EFBC}") = "BloqueoClavoGafas.Editor", "BloqueoClavoGafas.Editor.csproj", "{71D40F7B-14F1-92E1-2459-605AB964A077}"
EndProject
Global
	GlobalSection(SolutionConfigurationPlatforms) = preSolution
		Debug|Any CPU = Debug|Any CPU
		Release|Any CPU = Release|Any CPU
	EndGlobalSection
	GlobalSection(ProjectConfigurationPlatforms) = postSolution
		{6092A38A-56AF-A0B1-1FD7-8D5E17F2FA94}.Debug|Any CPU.ActiveCfg = Debug|Any CPU
		{6092A38A-56AF-A0B1-1FD7-8D5E17F2FA94}.Debug|Any CPU.Build.0 = Debug|Any CPU
		{6092A38A-56AF-A0B1-1FD7-8D5E17F2FA94}.Release|Any CPU.ActiveCfg = Release|Any CPU
		{6092A38A-56AF-A0B1-1FD7-8D5E17F2FA94}.Release|Any CPU.Build.0 = Release|Any CPU
		{71D40F7B-14F1-92E1-2459-605AB964A077}.Debug|Any CPU.ActiveCfg = Debug|Any CPU
		{71D40F7B-14F1-92E1-2459-605AB964A077}.Debug|Any CPU.Build.0 = Debug|Any CPU
		{71D40F7B-14F1-92E1-2459-605AB964A077}.Release|Any CPU.ActiveCfg = Release|Any CPU
		{71D40F7B-14F1-92E1-2459-605AB964A077}.Release|Any CPU.Build.0 = Release|Any CPU
	EndGlobalSection
	GlobalSection(SolutionProperties) = preSolution
		HideSolutionNode = FALSE
	EndGlobalSection
EndGlobal
